// !$*UTF8*$!
{
	archiveVersion = 1;
	classes = {
	};
	objectVersion = 56;
	objects = {

/* Begin PBXBuildFile section */
		00641B0B2B0FBD6800FCA451 /* AppDelegate.swift in Sources */ = {isa = PBXBuildFile; fileRef = 00641B0A2B0FBD6800FCA451 /* AppDelegate.swift */; };
		00641B0D2B0FBD6800FCA451 /* SceneDelegate.swift in Sources */ = {isa = PBXBuildFile; fileRef = 00641B0C2B0FBD6800FCA451 /* SceneDelegate.swift */; };
		00641B0F2B0FBD6800FCA451 /* ViewController.swift in Sources */ = {isa = PBXBuildFile; fileRef = 00641B0E2B0FBD6800FCA451 /* ViewController.swift */; };
		00641B122B0FBD6800FCA451 /* Main.storyboard in Resources */ = {isa = PBXBuildFile; fileRef = 00641B102B0FBD6800FCA451 /* Main.storyboard */; };
		00641B142B0FBD6900FCA451 /* Assets.xcassets in Resources */ = {isa = PBXBuildFile; fileRef = 00641B132B0FBD6900FCA451 /* Assets.xcassets */; };
		00641B172B0FBD6900FCA451 /* LaunchScreen.storyboard in Resources */ = {isa = PBXBuildFile; fileRef = 00641B152B0FBD6900FCA451 /* LaunchScreen.storyboard */; };
		00641B222B0FBD6900FCA451 /* protocol_studyTests.swift in Sources */ = {isa = PBXBuildFile; fileRef = 00641B212B0FBD6900FCA451 /* protocol_studyTests.swift */; };
		00641B2C2B0FBD6900FCA451 /* protocol_studyUITests.swift in Sources */ = {isa = PBXBuildFile; fileRef = 00641B2B2B0FBD6900FCA451 /* protocol_studyUITests.swift */; };
		00641B2E2B0FBD6900FCA451 /* protocol_studyUITestsLaunchTests.swift in Sources */ = {isa = PBXBuildFile; fileRef = 00641B2D2B0FBD6900FCA451 /* protocol_studyUITestsLaunchTests.swift */; };
		00641B3D2B0FC08F00FCA451 /* DetailViewController.swift in Sources */ = {isa = PBXBuildFile; fileRef = 00641B3C2B0FC08F00FCA451 /* DetailViewController.swift */; };
		00641B3F2B0FC20E00FCA451 /* protocols.swift in Sources */ = {isa = PBXBuildFile; fileRef = 00641B3E2B0FC20E00FCA451 /* protocols.swift */; };
/* End PBXBuildFile section */

/* Begin PBXContainerItemProxy section */
		00641B1E2B0FBD6900FCA451 /* PBXContainerItemProxy */ = {
			isa = PBXContainerItemProxy;
			containerPortal = 00641AFF2B0FBD6800FCA451 /* Project object */;
			proxyType = 1;
			remoteGlobalIDString = 00641B062B0FBD6800FCA451;
			remoteInfo = protocol_study;
		};
		00641B282B0FBD6900FCA451 /* PBXContainerItemProxy */ = {
			isa = PBXContainerItemProxy;
			containerPortal = 00641AFF2B0FBD6800FCA451 /* Project object */;
			proxyType = 1;
			remoteGlobalIDString = 00641B062B0FBD6800FCA451;
			remoteInfo = protocol_study;
		};
/* End PBXContainerItemProxy section */

/* Begin PBXFileReference section */
		00641B072B0FBD6800FCA451 /* protocol_study.app */ = {isa = PBXFileReference; explicitFileType = wrapper.application; includeInIndex = 0; path = protocol_study.app; sourceTree = BUILT_PRODUCTS_DIR; };
		00641B0A2B0FBD6800FCA451 /* AppDelegate.swift */ = {isa = PBXFileReference; lastKnownFileType = sourcecode.swift; path = AppDelegate.swift; sourceTree = "<group>"; };
		00641B0C2B0FBD6800FCA451 /* SceneDelegate.swift */ = {isa = PBXFileReference; lastKnownFileType = sourcecode.swift; path = SceneDelegate.swift; sourceTree = "<group>"; };
		00641B0E2B0FBD6800FCA451 /* ViewController.swift */ = {isa = PBXFileReference; lastKnownFileType = sourcecode.swift; path = ViewController.swift; sourceTree = "<group>"; };
		00641B112B0FBD6800FCA451 /* Base */ = {isa = PBXFileReference; lastKnownFileType = file.storyboard; name = Base; path = Base.lproj/Main.storyboard; sourceTree = "<group>"; };
		00641B132B0FBD6900FCA451 /* Assets.xcassets */ = {isa = PBXFileReference; lastKnownFileType = folder.assetcatalog; path = Assets.xcassets; sourceTree = "<group>"; };
		00641B162B0FBD6900FCA451 /* Base */ = {isa = PBXFileReference; lastKnownFileType = file.storyboard; name = Base; path = Base.lproj/LaunchScreen.storyboard; sourceTree = "<group>"; };
		00641B182B0FBD6900FCA451 /* Info.plist */ = {isa = PBXFileReference; lastKnownFileType = text.plist.xml; path = Info.plist; sourceTree = "<group>"; };
		00641B1D2B0FBD6900FCA451 /* protocol_studyTests.xctest */ = {isa = PBXFileReference; explicitFileType = wrapper.cfbundle; includeInIndex = 0; path = protocol_studyTests.xctest; sourceTree = BUILT_PRODUCTS_DIR; };
		00641B212B0FBD6900FCA451 /* protocol_studyTests.swift */ = {isa = PBXFileReference; lastKnownFileType = sourcecode.swift; path = protocol_studyTests.swift; sourceTree = "<group>"; };
		00641B272B0FBD6900FCA451 /* protocol_studyUITests.xctest */ = {isa = PBXFileReference; explicitFileType = wrapper.cfbundle; includeInIndex = 0; path = protocol_studyUITests.xctest; sourceTree = BUILT_PRODUCTS_DIR; };
		00641B2B2B0FBD6900FCA451 /* protocol_studyUITests.swift */ = {isa = PBXFileReference; lastKnownFileType = sourcecode.swift; path = protocol_studyUITests.swift; sourceTree = "<group>"; };
		00641B2D2B0FBD6900FCA451 /* protocol_studyUITestsLaunchTests.swift */ = {isa = PBXFileReference; lastKnownFileType = sourcecode.swift; path = protocol_studyUITestsLaunchTests.swift; sourceTree = "<group>"; };
		00641B3C2B0FC08F00FCA451 /* DetailViewController.swift */ = {isa = PBXFileReference; lastKnownFileType = sourcecode.swift; path = DetailViewController.swift; sourceTree = "<group>"; };
		00641B3E2B0FC20E00FCA451 /* protocols.swift */ = {isa = PBXFileReference; lastKnownFileType = sourcecode.swift; path = protocols.swift; sourceTree = "<group>"; };
/* End PBXFileReference section */

/* Begin PBXFrameworksBuildPhase section */
		00641B042B0FBD6800FCA451 /* Frameworks */ = {
			isa = PBXFrameworksBuildPhase;
			buildActionMask = 2147483647;
			files = (
			);
			runOnlyForDeploymentPostprocessing = 0;
		};
		00641B1A2B0FBD6900FCA451 /* Frameworks */ = {
			isa = PBXFrameworksBuildPhase;
			buildActionMask = 2147483647;
			files = (
			);
			runOnlyForDeploymentPostprocessing = 0;
		};
		00641B242B0FBD6900FCA451 /* Frameworks */ = {
			isa = PBXFrameworksBuildPhase;
			buildActionMask = 2147483647;
			files = (
			);
			runOnlyForDeploymentPostprocessing = 0;
		};
/* End PBXFrameworksBuildPhase section */

/* Begin PBXGroup section */
		00641AFE2B0FBD6800FCA451 = {
			isa = PBXGroup;
			children = (
				00641B092B0FBD6800FCA451 /* protocol_study */,
				00641B202B0FBD6900FCA451 /* protocol_studyTests */,
				00641B2A2B0FBD6900FCA451 /* protocol_studyUITests */,
				00641B082B0FBD6800FCA451 /* Products */,
			);
			sourceTree = "<group>";
		};
		00641B082B0FBD6800FCA451 /* Products */ = {
			isa = PBXGroup;
			children = (
				00641B072B0FBD6800FCA451 /* protocol_study.app */,
				00641B1D2B0FBD6900FCA451 /* protocol_studyTests.xctest */,
				00641B272B0FBD6900FCA451 /* protocol_studyUITests.xctest */,
			);
			name = Products;
			sourceTree = "<group>";
		};
		00641B092B0FBD6800FCA451 /* protocol_study */ = {
			isa = PBXGroup;
			children = (
				00641B0A2B0FBD6800FCA451 /* AppDelegate.swift */,
				00641B0C2B0FBD6800FCA451 /* SceneDelegate.swift */,
				00641B0E2B0FBD6800FCA451 /* ViewController.swift */,
				00641B102B0FBD6800FCA451 /* Main.storyboard */,
				00641B132B0FBD6900FCA451 /* Assets.xcassets */,
				00641B152B0FBD6900FCA451 /* LaunchScreen.storyboard */,
				00641B182B0FBD6900FCA451 /* Info.plist */,
				00641B3C2B0FC08F00FCA451 /* DetailViewController.swift */,
				00641B3E2B0FC20E00FCA451 /* protocols.swift */,
			);
			path = protocol_study;
			sourceTree = "<group>";
		};
		00641B202B0FBD6900FCA451 /* protocol_studyTests */ = {
			isa = PBXGroup;
			children = (
				00641B212B0FBD6900FCA451 /* protocol_studyTests.swift */,
			);
			path = protocol_studyTests;
			sourceTree = "<group>";
		};
		00641B2A2B0FBD6900FCA451 /* protocol_studyUITests */ = {
			isa = PBXGroup;
			children = (
				00641B2B2B0FBD6900FCA451 /* protocol_studyUITests.swift */,
				00641B2D2B0FBD6900FCA451 /* protocol_studyUITestsLaunchTests.swift */,
			);
			path = protocol_studyUITests;
			sourceTree = "<group>";
		};
/* End PBXGroup section */

/* Begin PBXNativeTarget section */
		00641B062B0FBD6800FCA451 /* protocol_study */ = {
			isa = PBXNativeTarget;
			buildConfigurationList = 00641B312B0FBD6900FCA451 /* Build configuration list for PBXNativeTarget "protocol_study" */;
			buildPhases = (
				00641B032B0FBD6800FCA451 /* Sources */,
				00641B042B0FBD6800FCA451 /* Frameworks */,
				00641B052B0FBD6800FCA451 /* Resources */,
			);
			buildRules = (
			);
			dependencies = (
			);
			name = protocol_study;
			productName = protocol_study;
			productReference = 00641B072B0FBD6800FCA451 /* protocol_study.app */;
			productType = "com.apple.product-type.application";
		};
		00641B1C2B0FBD6900FCA451 /* protocol_studyTests */ = {
			isa = PBXNativeTarget;
			buildConfigurationList = 00641B342B0FBD6900FCA451 /* Build configuration list for PBXNativeTarget "protocol_studyTests" */;
			buildPhases = (
				00641B192B0FBD6900FCA451 /* Sources */,
				00641B1A2B0FBD6900FCA451 /* Frameworks */,
				00641B1B2B0FBD6900FCA451 /* Resources */,
			);
			buildRules = (
			);
			dependencies = (
				00641B1F2B0FBD6900FCA451 /* PBXTargetDependency */,
			);
			name = protocol_studyTests;
			productName = protocol_studyTests;
			productReference = 00641B1D2B0FBD6900FCA451 /* protocol_studyTests.xctest */;
			productType = "com.apple.product-type.bundle.unit-test";
		};
		00641B262B0FBD6900FCA451 /* protocol_studyUITests */ = {
			isa = PBXNativeTarget;
			buildConfigurationList = 00641B372B0FBD6900FCA451 /* Build configuration list for PBXNativeTarget "protocol_studyUITests" */;
			buildPhases = (
				00641B232B0FBD6900FCA451 /* Sources */,
				00641B242B0FBD6900FCA451 /* Frameworks */,
				00641B252B0FBD6900FCA451 /* Resources */,
			);
			buildRules = (
			);
			dependencies = (
				00641B292B0FBD6900FCA451 /* PBXTargetDependency */,
			);
			name = protocol_studyUITests;
			productName = protocol_studyUITests;
			productReference = 00641B272B0FBD6900FCA451 /* protocol_studyUITests.xctest */;
			productType = "com.apple.product-type.bundle.ui-testing";
		};
/* End PBXNativeTarget section */

/* Begin PBXProject section */
		00641AFF2B0FBD6800FCA451 /* Project object */ = {
			isa = PBXProject;
			attributes = {
				BuildIndependentTargetsInParallel = 1;
				LastSwiftUpdateCheck = 1420;
				LastUpgradeCheck = 1420;
				TargetAttributes = {
					00641B062B0FBD6800FCA451 = {
						CreatedOnToolsVersion = 14.2;
					};
					00641B1C2B0FBD6900FCA451 = {
						CreatedOnToolsVersion = 14.2;
						TestTargetID = 00641B062B0FBD6800FCA451;
					};
					00641B262B0FBD6900FCA451 = {
						CreatedOnToolsVersion = 14.2;
						TestTargetID = 00641B062B0FBD6800FCA451;
					};
				};
			};
			buildConfigurationList = 00641B022B0FBD6800FCA451 /* Build configuration list for PBXProject "protocol_study" */;
			compatibilityVersion = "Xcode 14.0";
			developmentRegion = en;
			hasScannedForEncodings = 0;
			knownRegions = (
				en,
				Base,
			);
			mainGroup = 00641AFE2B0FBD6800FCA451;
			productRefGroup = 00641B082B0FBD6800FCA451 /* Products */;
			projectDirPath = "";
			projectRoot = "";
			targets = (
				00641B062B0FBD6800FCA451 /* protocol_study */,
				00641B1C2B0FBD6900FCA451 /* protocol_studyTests */,
				00641B262B0FBD6900FCA451 /* protocol_studyUITests */,
			);
		};
/* End PBXProject section */

/* Begin PBXResourcesBuildPhase section */
		00641B052B0FBD6800FCA451 /* Resources */ = {
			isa = PBXResourcesBuildPhase;
			buildActionMask = 2147483647;
			files = (
				00641B172B0FBD6900FCA451 /* LaunchScreen.storyboard in Resources */,
				00641B142B0FBD6900FCA451 /* Assets.xcassets in Resources */,
				00641B122B0FBD6800FCA451 /* Main.storyboard in Resources */,
			);
			runOnlyForDeploymentPostprocessing = 0;
		};
		00641B1B2B0FBD6900FCA451 /* Resources */ = {
			isa = PBXResourcesBuildPhase;
			buildActionMask = 2147483647;
			files = (
			);
			runOnlyForDeploymentPostprocessing = 0;
		};
		00641B252B0FBD6900FCA451 /* Resources */ = {
			isa = PBXResourcesBuildPhase;
			buildActionMask = 2147483647;
			files = (
			);
			runOnlyForDeploymentPostprocessing = 0;
		};
/* End PBXResourcesBuildPhase section */

/* Begin PBXSourcesBuildPhase section */
		00641B032B0FBD6800FCA451 /* Sources */ = {
			isa = PBXSourcesBuildPhase;
			buildActionMask = 2147483647;
			files = (
				00641B0F2B0FBD6800FCA451 /* ViewController.swift in Sources */,
				00641B0B2B0FBD6800FCA451 /* AppDelegate.swift in Sources */,
				00641B0D2B0FBD6800FCA451 /* SceneDelegate.swift in Sources */,
				00641B3F2B0FC20E00FCA451 /* protocols.swift in Sources */,
				00641B3D2B0FC08F00FCA451 /* DetailViewController.swift in Sources */,
			);
			runOnlyForDeploymentPostprocessing = 0;
		};
		00641B192B0FBD6900FCA451 /* Sources */ = {
			isa = PBXSourcesBuildPhase;
			buildActionMask = 2147483647;
			files = (
				00641B222B0FBD6900FCA451 /* protocol_studyTests.swift in Sources */,
			);
			runOnlyForDeploymentPostprocessing = 0;
		};
		00641B232B0FBD6900FCA451 /* Sources */ = {
			isa = PBXSourcesBuildPhase;
			buildActionMask = 2147483647;
			files = (
				00641B2E2B0FBD6900FCA451 /* protocol_studyUITestsLaunchTests.swift in Sources */,
				00641B2C2B0FBD6900FCA451 /* protocol_studyUITests.swift in Sources */,
			);
			runOnlyForDeploymentPostprocessing = 0;
		};
/* End PBXSourcesBuildPhase section */

/* Begin PBXTargetDependency section */
		00641B1F2B0FBD6900FCA451 /* PBXTargetDependency */ = {
			isa = PBXTargetDependency;
			target = 00641B062B0FBD6800FCA451 /* protocol_study */;
			targetProxy = 00641B1E2B0FBD6900FCA451 /* PBXContainerItemProxy */;
		};
		00641B292B0FBD6900FCA451 /* PBXTargetDependency */ = {
			isa = PBXTargetDependency;
			target = 00641B062B0FBD6800FCA451 /* protocol_study */;
			targetProxy = 00641B282B0FBD6900FCA451 /* PBXContainerItemProxy */;
		};
/* End PBXTargetDependency section */

/* Begin PBXVariantGroup section */
		00641B102B0FBD6800FCA451 /* Main.storyboard */ = {
			isa = PBXVariantGroup;
			children = (
				00641B112B0FBD6800FCA451 /* Base */,
			);
			name = Main.storyboard;
			sourceTree = "<group>";
		};
		00641B152B0FBD6900FCA451 /* LaunchScreen.storyboard */ = {
			isa = PBXVariantGroup;
			children = (
				00641B162B0FBD6900FCA451 /* Base */,
			);
			name = LaunchScreen.storyboard;
			sourceTree = "<group>";
		};
/* End PBXVariantGroup section */

/* Begin XCBuildConfiguration section */
		00641B2F2B0FBD6900FCA451 /* Debug */ = {
			isa = XCBuildConfiguration;
			buildSettings = {
				ALWAYS_SEARCH_USER_PATHS = NO;
				CLANG_ANALYZER_NONNULL = YES;
				CLANG_ANALYZER_NUMBER_OBJECT_CONVERSION = YES_AGGRESSIVE;
				CLANG_CXX_LANGUAGE_STANDARD = "gnu++20";
				CLANG_ENABLE_MODULES = YES;
				CLANG_ENABLE_OBJC_ARC = YES;
				CLANG_ENABLE_OBJC_WEAK = YES;
				CLANG_WARN_BLOCK_CAPTURE_AUTORELEASING = YES;
				CLANG_WARN_BOOL_CONVERSION = YES;
				CLANG_WARN_COMMA = YES;
				CLANG_WARN_CONSTANT_CONVERSION = YES;
				CLANG_WARN_DEPRECATED_OBJC_IMPLEMENTATIONS = YES;
				CLANG_WARN_DIRECT_OBJC_ISA_USAGE = YES_ERROR;
				CLANG_WARN_DOCUMENTATION_COMMENTS = YES;
				CLANG_WARN_EMPTY_BODY = YES;
				CLANG_WARN_ENUM_CONVERSION = YES;
				CLANG_WARN_INFINITE_RECURSION = YES;
				CLANG_WARN_INT_CONVERSION = YES;
				CLANG_WARN_NON_LITERAL_NULL_CONVERSION = YES;
				CLANG_WARN_OBJC_IMPLICIT_RETAIN_SELF = YES;
				CLANG_WARN_OBJC_LITERAL_CONVERSION = YES;
				CLANG_WARN_OBJC_ROOT_CLASS = YES_ERROR;
				CLANG_WARN_QUOTED_INCLUDE_IN_FRAMEWORK_HEADER = YES;
				CLANG_WARN_RANGE_LOOP_ANALYSIS = YES;
				CLANG_WARN_STRICT_PROTOTYPES = YES;
				CLANG_WARN_SUSPICIOUS_MOVE = YES;
				CLANG_WARN_UNGUARDED_AVAILABILITY = YES_AGGRESSIVE;
				CLANG_WARN_UNREACHABLE_CODE = YES;
				CLANG_WARN__DUPLICATE_METHOD_MATCH = YES;
				COPY_PHASE_STRIP = NO;
				DEBUG_INFORMATION_FORMAT = dwarf;
				ENABLE_STRICT_OBJC_MSGSEND = YES;
				ENABLE_TESTABILITY = YES;
				GCC_C_LANGUAGE_STANDARD = gnu11;
				GCC_DYNAMIC_NO_PIC = NO;
				GCC_NO_COMMON_BLOCKS = YES;
				GCC_OPTIMIZATION_LEVEL = 0;
				GCC_PREPROCESSOR_DEFINITIONS = (
					"DEBUG=1",
					"$(inherited)",
				);
				GCC_WARN_64_TO_32_BIT_CONVERSION = YES;
				GCC_WARN_ABOUT_RETURN_TYPE = YES_ERROR;
				GCC_WARN_UNDECLARED_SELECTOR = YES;
				GCC_WARN_UNINITIALIZED_AUTOS = YES_AGGRESSIVE;
				GCC_WARN_UNUSED_FUNCTION = YES;
				GCC_WARN_UNUSED_VARIABLE = YES;
				IPHONEOS_DEPLOYMENT_TARGET = 16.2;
				MTL_ENABLE_DEBUG_INFO = INCLUDE_SOURCE;
				MTL_FAST_MATH = YES;
				ONLY_ACTIVE_ARCH = YES;
				SDKROOT = iphoneos;
				SWIFT_ACTIVE_COMPILATION_CONDITIONS = DEBUG;
				SWIFT_OPTIMIZATION_LEVEL = "-Onone";
			};
			name = Debug;
		};
		00641B302B0FBD6900FCA451 /* Release */ = {
			isa = XCBuildConfiguration;
			buildSettings = {
				ALWAYS_SEARCH_USER_PATHS = NO;
				CLANG_ANALYZER_NONNULL = YES;
				CLANG_ANALYZER_NUMBER_OBJECT_CONVERSION = YES_AGGRESSIVE;
				CLANG_CXX_LANGUAGE_STANDARD = "gnu++20";
				CLANG_ENABLE_MODULES = YES;
				CLANG_ENABLE_OBJC_ARC = YES;
				CLANG_ENABLE_OBJC_WEAK = YES;
				CLANG_WARN_BLOCK_CAPTURE_AUTORELEASING = YES;
				CLANG_WARN_BOOL_CONVERSION = YES;
				CLANG_WARN_COMMA = YES;
				CLANG_WARN_CONSTANT_CONVERSION = YES;
				CLANG_WARN_DEPRECATED_OBJC_IMPLEMENTATIONS = YES;
				CLANG_WARN_DIRECT_OBJC_ISA_USAGE = YES_ERROR;
				CLANG_WARN_DOCUMENTATION_COMMENTS = YES;
				CLANG_WARN_EMPTY_BODY = YES;
				CLANG_WARN_ENUM_CONVERSION = YES;
				CLANG_WARN_INFINITE_RECURSION = YES;
				CLANG_WARN_INT_CONVERSION = YES;
				CLANG_WARN_NON_LITERAL_NULL_CONVERSION = YES;
				CLANG_WARN_OBJC_IMPLICIT_RETAIN_SELF = YES;
				CLANG_WARN_OBJC_LITERAL_CONVERSION = YES;
				CLANG_WARN_OBJC_ROOT_CLASS = YES_ERROR;
				CLANG_WARN_QUOTED_INCLUDE_IN_FRAMEWORK_HEADER = YES;
				CLANG_WARN_RANGE_LOOP_ANALYSIS = YES;
				CLANG_WARN_STRICT_PROTOTYPES = YES;
				CLANG_WARN_SUSPICIOUS_MOVE = YES;
				CLANG_WARN_UNGUARDED_AVAILABILITY = YES_AGGRESSIVE;
				CLANG_WARN_UNREACHABLE_CODE = YES;
				CLANG_WARN__DUPLICATE_METHOD_MATCH = YES;
				COPY_PHASE_STRIP = NO;
				DEBUG_INFORMATION_FORMAT = "dwarf-with-dsym";
				ENABLE_NS_ASSERTIONS = NO;
				ENABLE_STRICT_OBJC_MSGSEND = YES;
				GCC_C_LANGUAGE_STANDARD = gnu11;
				GCC_NO_COMMON_BLOCKS = YES;
				GCC_WARN_64_TO_32_BIT_CONVERSION = YES;
				GCC_WARN_ABOUT_RETURN_TYPE = YES_ERROR;
				GCC_WARN_UNDECLARED_SELECTOR = YES;
				GCC_WARN_UNINITIALIZED_AUTOS = YES_AGGRESSIVE;
				GCC_WARN_UNUSED_FUNCTION = YES;
				GCC_WARN_UNUSED_VARIABLE = YES;
				IPHONEOS_DEPLOYMENT_TARGET = 16.2;
				MTL_ENABLE_DEBUG_INFO = NO;
				MTL_FAST_MATH = YES;
				SDKROOT = iphoneos;
				SWIFT_COMPILATION_MODE = wholemodule;
				SWIFT_OPTIMIZATION_LEVEL = "-O";
				VALIDATE_PRODUCT = YES;
			};
			name = Release;
		};
		00641B322B0FBD6900FCA451 /* Debug */ = {
			isa = XCBuildConfiguration;
			buildSettings = {
				ASSETCATALOG_COMPILER_APPICON_NAME = AppIcon;
				ASSETCATALOG_COMPILER_GLOBAL_ACCENT_COLOR_NAME = AccentColor;
				CODE_SIGN_STYLE = Automatic;
				CURRENT_PROJECT_VERSION = 1;
				DEVELOPMENT_TEAM = FMV3G4XF5W;
				GENERATE_INFOPLIST_FILE = YES;
				INFOPLIST_FILE = protocol_study/Info.plist;
				INFOPLIST_KEY_UIApplicationSupportsIndirectInputEvents = YES;
				INFOPLIST_KEY_UILaunchStoryboardName = LaunchScreen;
				INFOPLIST_KEY_UIMainStoryboardFile = Main;
				INFOPLIST_KEY_UISupportedInterfaceOrientations_iPad = "UIInterfaceOrientationPortrait UIInterfaceOrientationPortraitUpsideDown UIInterfaceOrientationLandscapeLeft UIInterfaceOrientationLandscapeRight";
				INFOPLIST_KEY_UISupportedInterfaceOrientations_iPhone = "UIInterfaceOrientationPortrait UIInterfaceOrientationLandscapeLeft UIInterfaceOrientationLandscapeRight";
				LD_RUNPATH_SEARCH_PATHS = (
					"$(inherited)",
					"@executable_path/Frameworks",
				);
				MARKETING_VERSION = 1.0;
				PRODUCT_BUNDLE_IDENTIFIER = "com.protocol-study";
				PRODUCT_NAME = "$(TARGET_NAME)";
				SWIFT_EMIT_LOC_STRINGS = YES;
				SWIFT_VERSION = 5.0;
				TARGETED_DEVICE_FAMILY = "1,2";
			};
			name = Debug;
		};
		00641B332B0FBD6900FCA451 /* Release */ = {
			isa = XCBuildConfiguration;
			buildSettings = {
				ASSETCATALOG_COMPILER_APPICON_NAME = AppIcon;
				ASSETCATALOG_COMPILER_GLOBAL_ACCENT_COLOR_NAME = AccentColor;
				CODE_SIGN_STYLE = Automatic;
				CURRENT_PROJECT_VERSION = 1;
				DEVELOPMENT_TEAM = FMV3G4XF5W;
				GENERATE_INFOPLIST_FILE = YES;
				INFOPLIST_FILE = protocol_study/Info.plist;
				INFOPLIST_KEY_UIApplicationSupportsIndirectInputEvents = YES;
				INFOPLIST_KEY_UILaunchStoryboardName = LaunchScreen;
				INFOPLIST_KEY_UIMainStoryboardFile = Main;
				INFOPLIST_KEY_UISupportedInterfaceOrientations_iPad = "UIInterfaceOrientationPortrait UIInterfaceOrientationPortraitUpsideDown UIInterfaceOrientationLandscapeLeft UIInterfaceOrientationLandscapeRight";
				INFOPLIST_KEY_UISupportedInterfaceOrientations_iPhone = "UIInterfaceOrientationPortrait UIInterfaceOrientationLandscapeLeft UIInterfaceOrientationLandscapeRight";
				LD_RUNPATH_SEARCH_PATHS = (
					"$(inherited)",
					"@executable_path/Frameworks",
				);
				MARKETING_VERSION = 1.0;
				PRODUCT_BUNDLE_IDENTIFIER = "com.protocol-study";
				PRODUCT_NAME = "$(TARGET_NAME)";
				SWIFT_EMIT_LOC_STRINGS = YES;
				SWIFT_VERSION = 5.0;
				TARGETED_DEVICE_FAMILY = "1,2";
			};
			name = Release;
		};
		00641B352B0FBD6900FCA451 /* Debug */ = {
			isa = XCBuildConfiguration;
			buildSettings = {
				ALWAYS_EMBED_SWIFT_STANDARD_LIBRARIES = YES;
				BUNDLE_LOADER = "$(TEST_HOST)";
				CODE_SIGN_STYLE = Automatic;
				CURRENT_PROJECT_VERSION = 1;
				DEVELOPMENT_TEAM = FMV3G4XF5W;
				GENERATE_INFOPLIST_FILE = YES;
				IPHONEOS_DEPLOYMENT_TARGET = 16.2;
				MARKETING_VERSION = 1.0;
				PRODUCT_BUNDLE_IDENTIFIER = "com.protocol-studyTests";
				PRODUCT_NAME = "$(TARGET_NAME)";
				SWIFT_EMIT_LOC_STRINGS = NO;
				SWIFT_VERSION = 5.0;
				TARGETED_DEVICE_FAMILY = "1,2";
				TEST_HOST = "$(BUILT_PRODUCTS_DIR)/protocol_study.app/$(BUNDLE_EXECUTABLE_FOLDER_PATH)/protocol_study";
			};
			name = Debug;
		};
		00641B362B0FBD6900FCA451 /* Release */ = {
			isa = XCBuildConfiguration;
			buildSettings = {
				ALWAYS_EMBED_SWIFT_STANDARD_LIBRARIES = YES;
				BUNDLE_LOADER = "$(TEST_HOST)";
				CODE_SIGN_STYLE = Automatic;
				CURRENT_PROJECT_VERSION = 1;
				DEVELOPMENT_TEAM = FMV3G4XF5W;
				GENERATE_INFOPLIST_FILE = YES;
				IPHONEOS_DEPLOYMENT_TARGET = 16.2;
				MARKETING_VERSION = 1.0;
				PRODUCT_BUNDLE_IDENTIFIER = "com.protocol-studyTests";
				PRODUCT_NAME = "$(TARGET_NAME)";
				SWIFT_EMIT_LOC_STRINGS = NO;
				SWIFT_VERSION = 5.0;
				TARGETED_DEVICE_FAMILY = "1,2";
				TEST_HOST = "$(BUILT_PRODUCTS_DIR)/protocol_study.app/$(BUNDLE_EXECUTABLE_FOLDER_PATH)/protocol_study";
			};
			name = Release;
		};
		00641B382B0FBD6900FCA451 /* Debug */ = {
			isa = XCBuildConfiguration;
			buildSettings = {
				ALWAYS_EMBED_SWIFT_STANDARD_LIBRARIES = YES;
				CODE_SIGN_STYLE = Automatic;
				CURRENT_PROJECT_VERSION = 1;
				DEVELOPMENT_TEAM = FMV3G4XF5W;
				GENERATE_INFOPLIST_FILE = YES;
				MARKETING_VERSION = 1.0;
				PRODUCT_BUNDLE_IDENTIFIER = "com.protocol-studyUITests";
				PRODUCT_NAME = "$(TARGET_NAME)";
				SWIFT_EMIT_LOC_STRINGS = NO;
				SWIFT_VERSION = 5.0;
				TARGETED_DEVICE_FAMILY = "1,2";
				TEST_TARGET_NAME = protocol_study;
			};
			name = Debug;
		};
		00641B392B0FBD6900FCA451 /* Release */ = {
			isa = XCBuildConfiguration;
			buildSettings = {
				ALWAYS_EMBED_SWIFT_STANDARD_LIBRARIES = YES;
				CODE_SIGN_STYLE = Automatic;
				CURRENT_PROJECT_VERSION = 1;
				DEVELOPMENT_TEAM = FMV3G4XF5W;
				GENERATE_INFOPLIST_FILE = YES;
				MARKETING_VERSION = 1.0;
				PRODUCT_BUNDLE_IDENTIFIER = "com.protocol-studyUITests";
				PRODUCT_NAME = "$(TARGET_NAME)";
				SWIFT_EMIT_LOC_STRINGS = NO;
				SWIFT_VERSION = 5.0;
				TARGETED_DEVICE_FAMILY = "1,2";
				TEST_TARGET_NAME = protocol_study;
			};
			name = Release;
		};
/* End XCBuildConfiguration section */

/* Begin XCConfigurationList section */
		00641B022B0FBD6800FCA451 /* Build configuration list for PBXProject "protocol_study" */ = {
			isa = XCConfigurationList;
			buildConfigurations = (
				00641B2F2B0FBD6900FCA451 /* Debug */,
				00641B302B0FBD6900FCA451 /* Release */,
			);
			defaultConfigurationIsVisible = 0;
			defaultConfigurationName = Release;
		};
		00641B312B0FBD6900FCA451 /* Build configuration list for PBXNativeTarget "protocol_study" */ = {
			isa = XCConfigurationList;
			buildConfigurations = (
				00641B322B0FBD6900FCA451 /* Debug */,
				00641B332B0FBD6900FCA451 /* Release */,
			);
			defaultConfigurationIsVisible = 0;
			defaultConfigurationName = Release;
		};
		00641B342B0FBD6900FCA451 /* Build configuration list for PBXNativeTarget "protocol_studyTests" */ = {
			isa = XCConfigurationList;
			buildConfigurations = (
				00641B352B0FBD6900FCA451 /* Debug */,
				00641B362B0FBD6900FCA451 /* Release */,
			);
			defaultConfigurationIsVisible = 0;
			defaultConfigurationName = Release;
		};
		00641B372B0FBD6900FCA451 /* Build configuration list for PBXNativeTarget "protocol_studyUITests" */ = {
			isa = XCConfigurationList;
			buildConfigurations = (
				00641B382B0FBD6900FCA451 /* Debug */,
				00641B392B0FBD6900FCA451 /* Release */,
			);
			defaultConfigurationIsVisible = 0;
			defaultConfigurationName = Release;
		};
/* End XCConfigurationList section */
	};
	rootObject = 00641AFF2B0FBD6800FCA451 /* Project object */;
}
